
Microsoft Visual Studio Solution File, Format Version 12.00
# Visual Studio 15
Project("{FAE04EC0-301F-11D3-BF4B-00C04F79EFBC}") = "Entap.Chat", "Entap.Chat\Entap.Chat.csproj", "{48B2D21A-33C7-4844-B07F-5D2536A49A90}"
EndProject
Global
	GlobalSection(SolutionConfigurationPlatforms) = preSolution
		Debug|Any CPU = Debug|Any CPU
		Release|Any CPU = Release|Any CPU
	EndGlobalSection
	GlobalSection(ProjectConfigurationPlatforms) = postSolution
		{48B2D21A-33C7-4844-B07F-5D2536A49A90}.Debug|Any CPU.ActiveCfg = Debug|Any CPU
		{48B2D21A-33C7-4844-B07F-5D2536A49A90}.Debug|Any CPU.Build.0 = Debug|Any CPU
		{48B2D21A-33C7-4844-B07F-5D2536A49A90}.Release|Any CPU.ActiveCfg = Release|Any CPU
		{48B2D21A-33C7-4844-B07F-5D2536A49A90}.Release|Any CPU.Build.0 = Release|Any CPU
	EndGlobalSection
EndGlobal
